
Microsoft Visual Studio Solution File, Format Version 12.00
# Visual Studio Version 17
VisualStudioVersion = 17.0.31903.59
MinimumVisualStudioVersion = 10.0.40219.1
Project("{FAE04EC0-301F-11D3-BF4B-00C04F79EFBC}") = "VocabularyTraine.Api", "VocabularyTrainer.Api\VocabularyTrainer.Api.csproj", "{7A729095-81AB-466F-8D43-8CE12F1D5FFD}"
EndProject
Project("{FAE04EC0-301F-11D3-BF4B-00C04F79EFBC}") = "VocabularyTrainer.Data", "VocabularyTrainer.Data\VocabularyTrainer.Data.csproj", "{8F62A7AB-B8FC-4D5E-8640-AE7AB7C09596}"
EndProject
Project("{FAE04EC0-301F-11D3-BF4B-00C04F79EFBC}") = "VocabularyTrainer.DataAccess", "VocabularyTrainer.DataAccess\VocabularyTrainer.DataAccess.csproj", "{58961F38-89DC-4D48-A011-0363DF907189}"
EndProject
Project("{FAE04EC0-301F-11D3-BF4B-00C04F79EFBC}") = "VocabularyTrainer.Service", "VocabularyTrainer.Service\VocabularyTrainer.Service.csproj", "{CE527EE1-C229-40BB-832D-7377800B6915}"
EndProject
Project("{FAE04EC0-301F-11D3-BF4B-00C04F79EFBC}") = "VocabularyTrainer.Contracts", "VocabularyTrainer.Contracts\VocabularyTrainer.Contracts.csproj", "{EB74817E-923D-4BB0-AD9A-AEB000790EBF}"
EndProject
Global
	GlobalSection(SolutionConfigurationPlatforms) = preSolution
		Debug|Any CPU = Debug|Any CPU
		Release|Any CPU = Release|Any CPU
	EndGlobalSection
	GlobalSection(SolutionProperties) = preSolution
		HideSolutionNode = FALSE
	EndGlobalSection
	GlobalSection(ProjectConfigurationPlatforms) = postSolution
		{7A729095-81AB-466F-8D43-8CE12F1D5FFD}.Debug|Any CPU.ActiveCfg = Debug|Any CPU
		{7A729095-81AB-466F-8D43-8CE12F1D5FFD}.Debug|Any CPU.Build.0 = Debug|Any CPU
		{7A729095-81AB-466F-8D43-8CE12F1D5FFD}.Release|Any CPU.ActiveCfg = Release|Any CPU
		{7A729095-81AB-466F-8D43-8CE12F1D5FFD}.Release|Any CPU.Build.0 = Release|Any CPU
		{8F62A7AB-B8FC-4D5E-8640-AE7AB7C09596}.Debug|Any CPU.ActiveCfg = Debug|Any CPU
		{8F62A7AB-B8FC-4D5E-8640-AE7AB7C09596}.Debug|Any CPU.Build.0 = Debug|Any CPU
		{8F62A7AB-B8FC-4D5E-8640-AE7AB7C09596}.Release|Any CPU.ActiveCfg = Release|Any CPU
		{8F62A7AB-B8FC-4D5E-8640-AE7AB7C09596}.Release|Any CPU.Build.0 = Release|Any CPU
		{58961F38-89DC-4D48-A011-0363DF907189}.Debug|Any CPU.ActiveCfg = Debug|Any CPU
		{58961F38-89DC-4D48-A011-0363DF907189}.Debug|Any CPU.Build.0 = Debug|Any CPU
		{58961F38-89DC-4D48-A011-0363DF907189}.Release|Any CPU.ActiveCfg = Release|Any CPU
		{58961F38-89DC-4D48-A011-0363DF907189}.Release|Any CPU.Build.0 = Release|Any CPU
		{CE527EE1-C229-40BB-832D-7377800B6915}.Debug|Any CPU.ActiveCfg = Debug|Any CPU
		{CE527EE1-C229-40BB-832D-7377800B6915}.Debug|Any CPU.Build.0 = Debug|Any CPU
		{CE527EE1-C229-40BB-832D-7377800B6915}.Release|Any CPU.ActiveCfg = Release|Any CPU
		{CE527EE1-C229-40BB-832D-7377800B6915}.Release|Any CPU.Build.0 = Release|Any CPU
		{EB74817E-923D-4BB0-AD9A-AEB000790EBF}.Debug|Any CPU.ActiveCfg = Debug|Any CPU
		{EB74817E-923D-4BB0-AD9A-AEB000790EBF}.Debug|Any CPU.Build.0 = Debug|Any CPU
		{EB74817E-923D-4BB0-AD9A-AEB000790EBF}.Release|Any CPU.ActiveCfg = Release|Any CPU
		{EB74817E-923D-4BB0-AD9A-AEB000790EBF}.Release|Any CPU.Build.0 = Release|Any CPU
	EndGlobalSection
EndGlobal
